
Microsoft Visual Studio Solution File, Format Version 12.00
# Visual Studio Version 17
VisualStudioVersion = 17.8.34316.72
MinimumVisualStudioVersion = 10.0.40219.1
Project("{FAE04EC0-301F-11D3-BF4B-00C04F79EFBC}") = "SimpleAPISharp", "SimpleAPISharp\SimpleAPISharp.csproj", "{B27448D2-87DF-48C5-8307-CF3440C734BF}"
EndProject
Global
	GlobalSection(SolutionConfigurationPlatforms) = preSolution
		Debug|Any CPU = Debug|Any CPU
		Release|Any CPU = Release|Any CPU
	EndGlobalSection
	GlobalSection(ProjectConfigurationPlatforms) = postSolution
		{B27448D2-87DF-48C5-8307-CF3440C734BF}.Debug|Any CPU.ActiveCfg = Debug|Any CPU
		{B27448D2-87DF-48C5-8307-CF3440C734BF}.Debug|Any CPU.Build.0 = Debug|Any CPU
		{B27448D2-87DF-48C5-8307-CF3440C734BF}.Release|Any CPU.ActiveCfg = Release|Any CPU
		{B27448D2-87DF-48C5-8307-CF3440C734BF}.Release|Any CPU.Build.0 = Release|Any CPU
	EndGlobalSection
	GlobalSection(SolutionProperties) = preSolution
		HideSolutionNode = FALSE
	EndGlobalSection
	GlobalSection(ExtensibilityGlobals) = postSolution
		SolutionGuid = {83B7E023-DE72-436D-B8A8-0F815AD5F73B}
	EndGlobalSection
EndGlobal
